
Microsoft Visual Studio Solution File, Format Version 12.00
# Visual Studio Version 17
VisualStudioVersion = 17.1.32407.343
MinimumVisualStudioVersion = 10.0.40219.1
Project("{9A19103F-16F7-4668-BE54-9A1E7A4F7556}") = "AdsProTest", "AdsProTest.csproj", "{9B20D37B-D10C-4F63-86FB-03BD2EC89DD1}"
EndProject
Global
	GlobalSection(SolutionConfigurationPlatforms) = preSolution
		Debug|Any CPU = Debug|Any CPU
		Release|Any CPU = Release|Any CPU
	EndGlobalSection
	GlobalSection(ProjectConfigurationPlatforms) = postSolution
		{9B20D37B-D10C-4F63-86FB-03BD2EC89DD1}.Debug|Any CPU.ActiveCfg = Debug|Any CPU
		{9B20D37B-D10C-4F63-86FB-03BD2EC89DD1}.Debug|Any CPU.Build.0 = Debug|Any CPU
		{9B20D37B-D10C-4F63-86FB-03BD2EC89DD1}.Release|Any CPU.ActiveCfg = Release|Any CPU
		{9B20D37B-D10C-4F63-86FB-03BD2EC89DD1}.Release|Any CPU.Build.0 = Release|Any CPU
	EndGlobalSection
	GlobalSection(SolutionProperties) = preSolution
		HideSolutionNode = FALSE
	EndGlobalSection
	GlobalSection(ExtensibilityGlobals) = postSolution
		SolutionGuid = {E9556A29-ABA2-47C4-9B49-8027D8BC1A64}
	EndGlobalSection
EndGlobal
